
Microsoft Visual Studio Solution File, Format Version 12.00
# Visual Studio Version 16
VisualStudioVersion = 16.0.30907.101
MinimumVisualStudioVersion = 10.0.40219.1
Project("{FAE04EC0-301F-11D3-BF4B-00C04F79EFBC}") = "FirstWPFApplicationParticipation", "FirstWPFApplicationParticipation\FirstWPFApplicationParticipation.csproj", "{C7F6E56B-098D-420B-8669-7DE6CECC7720}"
EndProject
Global
	GlobalSection(SolutionConfigurationPlatforms) = preSolution
		Debug|Any CPU = Debug|Any CPU
		Release|Any CPU = Release|Any CPU
	EndGlobalSection
	GlobalSection(ProjectConfigurationPlatforms) = postSolution
		{C7F6E56B-098D-420B-8669-7DE6CECC7720}.Debug|Any CPU.ActiveCfg = Debug|Any CPU
		{C7F6E56B-098D-420B-8669-7DE6CECC7720}.Debug|Any CPU.Build.0 = Debug|Any CPU
		{C7F6E56B-098D-420B-8669-7DE6CECC7720}.Release|Any CPU.ActiveCfg = Release|Any CPU
		{C7F6E56B-098D-420B-8669-7DE6CECC7720}.Release|Any CPU.Build.0 = Release|Any CPU
	EndGlobalSection
	GlobalSection(SolutionProperties) = preSolution
		HideSolutionNode = FALSE
	EndGlobalSection
	GlobalSection(ExtensibilityGlobals) = postSolution
		SolutionGuid = {83AA8913-6732-403A-85B6-539A0283615E}
	EndGlobalSection
EndGlobal
